Microsoft Visual Studio Solution File, Format Version 11.00
# Visual Studio 2008

Project("{9144C2BB-E912-A2D1-4CA6-48C27C9BD456}") = "FireEye", "Assembly-CSharp-firstpass.csproj", "{5315E2F1-D10A-D68A-C630-59F3FB3FA75C}"
EndProject
Project("{9144C2BB-E912-A2D1-4CA6-48C27C9BD456}") = "FireEye", "Assembly-CSharp.csproj", "{A89B7399-C098-1EF3-7F50-234B7F11464E}"
EndProject
Project("{9144C2BB-E912-A2D1-4CA6-48C27C9BD456}") = "FireEye", "Assembly-CSharp-Editor-firstpass.csproj", "{2A08732D-06CB-3983-AE22-B51CB4BF5937}"
EndProject
Project("{9144C2BB-E912-A2D1-4CA6-48C27C9BD456}") = "FireEye", "Assembly-CSharp-Editor.csproj", "{356E5D05-6079-A69F-C7F0-FFACD3A82DA3}"
EndProject
Global
	GlobalSection(SolutionConfigurationPlatforms) = preSolution
		Debug|Any CPU = Debug|Any CPU
		Release|Any CPU = Release|Any CPU
	EndGlobalSection
	GlobalSection(ProjectConfigurationPlatforms) = postSolution
		{5315E2F1-D10A-D68A-C630-59F3FB3FA75C}.Debug|Any CPU.ActiveCfg = Debug|Any CPU
		{5315E2F1-D10A-D68A-C630-59F3FB3FA75C}.Debug|Any CPU.Build.0 = Debug|Any CPU
		{5315E2F1-D10A-D68A-C630-59F3FB3FA75C}.Release|Any CPU.ActiveCfg = Release|Any CPU
		{5315E2F1-D10A-D68A-C630-59F3FB3FA75C}.Release|Any CPU.Build.0 = Release|Any CPU
		{A89B7399-C098-1EF3-7F50-234B7F11464E}.Debug|Any CPU.ActiveCfg = Debug|Any CPU
		{A89B7399-C098-1EF3-7F50-234B7F11464E}.Debug|Any CPU.Build.0 = Debug|Any CPU
		{A89B7399-C098-1EF3-7F50-234B7F11464E}.Release|Any CPU.ActiveCfg = Release|Any CPU
		{A89B7399-C098-1EF3-7F50-234B7F11464E}.Release|Any CPU.Build.0 = Release|Any CPU
		{2A08732D-06CB-3983-AE22-B51CB4BF5937}.Debug|Any CPU.ActiveCfg = Debug|Any CPU
		{2A08732D-06CB-3983-AE22-B51CB4BF5937}.Debug|Any CPU.Build.0 = Debug|Any CPU
		{2A08732D-06CB-3983-AE22-B51CB4BF5937}.Release|Any CPU.ActiveCfg = Release|Any CPU
		{2A08732D-06CB-3983-AE22-B51CB4BF5937}.Release|Any CPU.Build.0 = Release|Any CPU
		{356E5D05-6079-A69F-C7F0-FFACD3A82DA3}.Debug|Any CPU.ActiveCfg = Debug|Any CPU
		{356E5D05-6079-A69F-C7F0-FFACD3A82DA3}.Debug|Any CPU.Build.0 = Debug|Any CPU
		{356E5D05-6079-A69F-C7F0-FFACD3A82DA3}.Release|Any CPU.ActiveCfg = Release|Any CPU
		{356E5D05-6079-A69F-C7F0-FFACD3A82DA3}.Release|Any CPU.Build.0 = Release|Any CPU
	EndGlobalSection
	GlobalSection(SolutionProperties) = preSolution
		HideSolutionNode = FALSE
	EndGlobalSection
																																																																																																				GlobalSection(MonoDevelopProperties) = preSolution
=======
																													GlobalSection(MonoDevelopProperties) = preSolution
>>>>>>> FETCH_HEAD
=======
																													GlobalSection(MonoDevelopProperties) = preSolution
>>>>>>> FETCH_HEAD
		StartupItem = Assembly-CSharp.csproj
		Policies = $0
		$0.TextStylePolicy = $1
		$1.inheritsSet = null
		$1.scope = text/x-csharp
		$0.CSharpFormattingPolicy = $2
		$2.inheritsSet = Mono
		$2.inheritsScope = text/x-csharp
		$2.scope = text/x-csharp
		$0.TextStylePolicy = $3
		$3.FileWidth = 120
		$3.TabWidth = 4
		$3.EolMarker = Unix
		$3.inheritsSet = Mono
		$3.inheritsScope = text/plain
		$3.scope = text/plain
	EndGlobalSection

EndGlobal
